
Microsoft Visual Studio Solution File, Format Version 12.00
# Visual Studio Version 16
VisualStudioVersion = 16.0.30011.22
MinimumVisualStudioVersion = 10.0.40219.1
Project("{FAE04EC0-301F-11D3-BF4B-00C04F79EFBC}") = "Othello", "Othello\Othello.csproj", "{DC57787C-5501-44BD-BB4B-575A054307A4}"
EndProject
Project("{FAE04EC0-301F-11D3-BF4B-00C04F79EFBC}") = "OthelloGames", "OthelloGames\OthelloGames.csproj", "{A81A4ACD-2022-4A68-B336-37B988773A90}"
EndProject
Global
	GlobalSection(SolutionConfigurationPlatforms) = preSolution
		Debug|Any CPU = Debug|Any CPU
		Release|Any CPU = Release|Any CPU
	EndGlobalSection
	GlobalSection(ProjectConfigurationPlatforms) = postSolution
		{DC57787C-5501-44BD-BB4B-575A054307A4}.Debug|Any CPU.ActiveCfg = Debug|Any CPU
		{DC57787C-5501-44BD-BB4B-575A054307A4}.Debug|Any CPU.Build.0 = Debug|Any CPU
		{DC57787C-5501-44BD-BB4B-575A054307A4}.Release|Any CPU.ActiveCfg = Release|Any CPU
		{DC57787C-5501-44BD-BB4B-575A054307A4}.Release|Any CPU.Build.0 = Release|Any CPU
		{A81A4ACD-2022-4A68-B336-37B988773A90}.Debug|Any CPU.ActiveCfg = Debug|Any CPU
		{A81A4ACD-2022-4A68-B336-37B988773A90}.Debug|Any CPU.Build.0 = Debug|Any CPU
		{A81A4ACD-2022-4A68-B336-37B988773A90}.Release|Any CPU.ActiveCfg = Release|Any CPU
		{A81A4ACD-2022-4A68-B336-37B988773A90}.Release|Any CPU.Build.0 = Release|Any CPU
	EndGlobalSection
	GlobalSection(SolutionProperties) = preSolution
		HideSolutionNode = FALSE
	EndGlobalSection
	GlobalSection(ExtensibilityGlobals) = postSolution
		SolutionGuid = {0978C994-534B-40A4-82D1-402CFFFC8C18}
	EndGlobalSection
EndGlobal
